
Microsoft Visual Studio Solution File, Format Version 12.00
# Visual Studio Version 16
VisualStudioVersion = 16.0.31205.134
MinimumVisualStudioVersion = 10.0.40219.1
Project("{FAE04EC0-301F-11D3-BF4B-00C04F79EFBC}") = "Refugio", "Refugio\Refugio.csproj", "{2D404720-09C9-4ED0-9021-F8B728444A48}"
EndProject
Global
	GlobalSection(SolutionConfigurationPlatforms) = preSolution
		Debug|Any CPU = Debug|Any CPU
		Release|Any CPU = Release|Any CPU
	EndGlobalSection
	GlobalSection(ProjectConfigurationPlatforms) = postSolution
		{2D404720-09C9-4ED0-9021-F8B728444A48}.Debug|Any CPU.ActiveCfg = Debug|Any CPU
		{2D404720-09C9-4ED0-9021-F8B728444A48}.Debug|Any CPU.Build.0 = Debug|Any CPU
		{2D404720-09C9-4ED0-9021-F8B728444A48}.Release|Any CPU.ActiveCfg = Release|Any CPU
		{2D404720-09C9-4ED0-9021-F8B728444A48}.Release|Any CPU.Build.0 = Release|Any CPU
	EndGlobalSection
	GlobalSection(SolutionProperties) = preSolution
		HideSolutionNode = FALSE
	EndGlobalSection
	GlobalSection(ExtensibilityGlobals) = postSolution
		SolutionGuid = {05DDAC35-CC32-493B-96CB-4E6BA0FF2BE8}
	EndGlobalSection
EndGlobal
